
Microsoft Visual Studio Solution File, Format Version 12.00
# Visual Studio Version 17
VisualStudioVersion = 17.14.36301.6 d17.14
MinimumVisualStudioVersion = 10.0.40219.1
Project("{FAE04EC0-301F-11D3-BF4B-00C04F79EFBC}") = "SimpleSchoolSystem", "SimpleSchoolSystem\SimpleSchoolSystem.csproj", "{7CE772CB-E60C-4858-827F-4AADCE4FF702}"
EndProject
Global
	GlobalSection(SolutionConfigurationPlatforms) = preSolution
		Debug|Any CPU = Debug|Any CPU
		Release|Any CPU = Release|Any CPU
	EndGlobalSection
	GlobalSection(ProjectConfigurationPlatforms) = postSolution
		{7CE772CB-E60C-4858-827F-4AADCE4FF702}.Debug|Any CPU.ActiveCfg = Debug|Any CPU
		{7CE772CB-E60C-4858-827F-4AADCE4FF702}.Debug|Any CPU.Build.0 = Debug|Any CPU
		{7CE772CB-E60C-4858-827F-4AADCE4FF702}.Release|Any CPU.ActiveCfg = Release|Any CPU
		{7CE772CB-E60C-4858-827F-4AADCE4FF702}.Release|Any CPU.Build.0 = Release|Any CPU
	EndGlobalSection
	GlobalSection(SolutionProperties) = preSolution
		HideSolutionNode = FALSE
	EndGlobalSection
	GlobalSection(ExtensibilityGlobals) = postSolution
		SolutionGuid = {182C540B-2494-41B4-9EB4-503DD152DC3C}
	EndGlobalSection
EndGlobal
